
Microsoft Visual Studio Solution File, Format Version 12.00
# Visual Studio 15
VisualStudioVersion = 15.0.28010.2019
MinimumVisualStudioVersion = 10.0.40219.1
Project("{FAE04EC0-301F-11D3-BF4B-00C04F79EFBC}") = "CrudMVC", "CrudMVC\CrudMVC.csproj", "{B232439B-3951-4797-B232-2984AB0570F5}"
EndProject
Global
	GlobalSection(SolutionConfigurationPlatforms) = preSolution
		Debug|Any CPU = Debug|Any CPU
		Release|Any CPU = Release|Any CPU
	EndGlobalSection
	GlobalSection(ProjectConfigurationPlatforms) = postSolution
		{B232439B-3951-4797-B232-2984AB0570F5}.Debug|Any CPU.ActiveCfg = Debug|Any CPU
		{B232439B-3951-4797-B232-2984AB0570F5}.Debug|Any CPU.Build.0 = Debug|Any CPU
		{B232439B-3951-4797-B232-2984AB0570F5}.Release|Any CPU.ActiveCfg = Release|Any CPU
		{B232439B-3951-4797-B232-2984AB0570F5}.Release|Any CPU.Build.0 = Release|Any CPU
	EndGlobalSection
	GlobalSection(SolutionProperties) = preSolution
		HideSolutionNode = FALSE
	EndGlobalSection
	GlobalSection(ExtensibilityGlobals) = postSolution
		SolutionGuid = {A1883402-CA59-4FF3-8782-55F18B34FBCE}
	EndGlobalSection
EndGlobal
